
Microsoft Visual Studio Solution File, Format Version 12.00
# Visual Studio 15
VisualStudioVersion = 15.0.27428.2015
MinimumVisualStudioVersion = 10.0.40219.1
Project("{FAE04EC0-301F-11D3-BF4B-00C04F79EFBC}") = "RaspbIoT", "RaspbIoT\RaspbIoT.csproj", "{51507D0A-FEC1-4FFE-A55C-449C66F64787}"
EndProject
Project("{9A19103F-16F7-4668-BE54-9A1E7A4F7556}") = "ConnectionLibrary", "..\ConnectionLibrary\ConnectionLibrary\ConnectionLibrary.csproj", "{809AD486-D24F-4C8F-A6C0-1883BEE38CED}"
EndProject
Project("{9A19103F-16F7-4668-BE54-9A1E7A4F7556}") = "Log4NetProj", "..\ConnectionLibrary\Log4NetProj\Log4NetProj.csproj", "{CC211F8E-4252-4EC2-8704-D055CBF713A6}"
EndProject
Project("{9A19103F-16F7-4668-BE54-9A1E7A4F7556}") = "LogSingleton", "..\ConnectionLibrary\LogFactory\LogSingleton.csproj", "{13492A28-DD89-41BB-8CED-0F1AAD2853E6}"
EndProject
Project("{9A19103F-16F7-4668-BE54-9A1E7A4F7556}") = "RaspbIoTViewModel", "RaspbIoTViewModel\RaspbIoTViewModel.csproj", "{898424D9-87F9-45B4-A7A3-B70FB63E4434}"
EndProject
Project("{9A19103F-16F7-4668-BE54-9A1E7A4F7556}") = "RaspbIoTModel", "RaspbIoTModel\RaspbIoTModel.csproj", "{C75DCCC7-DC3F-4E98-8F42-554FAD0097BB}"
EndProject
Project("{9A19103F-16F7-4668-BE54-9A1E7A4F7556}") = "MetroLogForUwp", "MetroLogForUwp\MetroLogForUwp.csproj", "{D2FC8AFB-8FCE-41A0-BFFD-B2F9CAD9FFAC}"
EndProject
Project("{2150E333-8FDC-42A3-9474-1A3956D46DE8}") = "Libraries", "Libraries", "{48800361-7905-46B2-9471-2E76DF4DA90D}"
EndProject
Project("{2150E333-8FDC-42A3-9474-1A3956D46DE8}") = "Factories", "Factories", "{1D7067BC-958A-48FA-9A8D-54CC8072BB05}"
EndProject
Project("{2150E333-8FDC-42A3-9474-1A3956D46DE8}") = "Model", "Model", "{73557017-3FFF-4D29-A4E1-6486C9E30F17}"
EndProject
Project("{2150E333-8FDC-42A3-9474-1A3956D46DE8}") = "ViewModel", "ViewModel", "{B6054924-33B4-4590-89CC-2BB22713B473}"
EndProject
Project("{2150E333-8FDC-42A3-9474-1A3956D46DE8}") = "View", "View", "{4EB221CA-BD3A-4DD3-B0E3-74892A5CE432}"
EndProject
Project("{9A19103F-16F7-4668-BE54-9A1E7A4F7556}") = "DbSingleton", "DbFactory\DbSingleton.csproj", "{9CBF2403-9794-4F3E-98F4-F0F167A7D8EE}"
EndProject
Project("{9A19103F-16F7-4668-BE54-9A1E7A4F7556}") = "SqliteDb", "SqliteDb\SqliteDb.csproj", "{19F097B6-0223-4458-9819-4D861FF79540}"
EndProject
Project("{2150E333-8FDC-42A3-9474-1A3956D46DE8}") = "Singletons", "Singletons", "{E435E1DF-9347-4838-9033-E4285E196280}"
EndProject
Project("{2150E333-8FDC-42A3-9474-1A3956D46DE8}") = "Tests", "Tests", "{1ADB5B5D-E564-4524-8F13-733E88555DBC}"
EndProject
Project("{2150E333-8FDC-42A3-9474-1A3956D46DE8}") = "ConnectionLibrary.Tests", "ConnectionLibrary.Tests", "{9711DD39-756C-4719-AE9E-C8C02D8FAB97}"
EndProject
Project("{FAE04EC0-301F-11D3-BF4B-00C04F79EFBC}") = "ConnectionLibraryTests", "ConnectionLibraryTests\ConnectionLibraryTests.csproj", "{8EDF4429-251A-416D-BB68-93F227191BCF}"
EndProject
Global
	GlobalSection(SolutionConfigurationPlatforms) = preSolution
		Debug|Any CPU = Debug|Any CPU
		Debug|ARM = Debug|ARM
		Debug|x64 = Debug|x64
		Debug|x86 = Debug|x86
		Release|Any CPU = Release|Any CPU
		Release|ARM = Release|ARM
		Release|x64 = Release|x64
		Release|x86 = Release|x86
	EndGlobalSection
	GlobalSection(ProjectConfigurationPlatforms) = postSolution
		{51507D0A-FEC1-4FFE-A55C-449C66F64787}.Debug|Any CPU.ActiveCfg = Debug|x64
		{51507D0A-FEC1-4FFE-A55C-449C66F64787}.Debug|Any CPU.Build.0 = Debug|x64
		{51507D0A-FEC1-4FFE-A55C-449C66F64787}.Debug|Any CPU.Deploy.0 = Debug|x64
		{51507D0A-FEC1-4FFE-A55C-449C66F64787}.Debug|ARM.ActiveCfg = Debug|ARM
		{51507D0A-FEC1-4FFE-A55C-449C66F64787}.Debug|ARM.Build.0 = Debug|ARM
		{51507D0A-FEC1-4FFE-A55C-449C66F64787}.Debug|ARM.Deploy.0 = Debug|ARM
		{51507D0A-FEC1-4FFE-A55C-449C66F64787}.Debug|x64.ActiveCfg = Debug|x64
		{51507D0A-FEC1-4FFE-A55C-449C66F64787}.Debug|x64.Build.0 = Debug|x64
		{51507D0A-FEC1-4FFE-A55C-449C66F64787}.Debug|x64.Deploy.0 = Debug|x64
		{51507D0A-FEC1-4FFE-A55C-449C66F64787}.Debug|x86.ActiveCfg = Debug|x86
		{51507D0A-FEC1-4FFE-A55C-449C66F64787}.Debug|x86.Build.0 = Debug|x86
		{51507D0A-FEC1-4FFE-A55C-449C66F64787}.Debug|x86.Deploy.0 = Debug|x86
		{51507D0A-FEC1-4FFE-A55C-449C66F64787}.Release|Any CPU.ActiveCfg = Release|x86
		{51507D0A-FEC1-4FFE-A55C-449C66F64787}.Release|ARM.ActiveCfg = Release|ARM
		{51507D0A-FEC1-4FFE-A55C-449C66F64787}.Release|ARM.Build.0 = Release|ARM
		{51507D0A-FEC1-4FFE-A55C-449C66F64787}.Release|ARM.Deploy.0 = Release|ARM
		{51507D0A-FEC1-4FFE-A55C-449C66F64787}.Release|x64.ActiveCfg = Release|x64
		{51507D0A-FEC1-4FFE-A55C-449C66F64787}.Release|x64.Build.0 = Release|x64
		{51507D0A-FEC1-4FFE-A55C-449C66F64787}.Release|x64.Deploy.0 = Release|x64
		{51507D0A-FEC1-4FFE-A55C-449C66F64787}.Release|x86.ActiveCfg = Release|x86
		{51507D0A-FEC1-4FFE-A55C-449C66F64787}.Release|x86.Build.0 = Release|x86
		{51507D0A-FEC1-4FFE-A55C-449C66F64787}.Release|x86.Deploy.0 = Release|x86
		{809AD486-D24F-4C8F-A6C0-1883BEE38CED}.Debug|Any CPU.ActiveCfg = Debug|Any CPU
		{809AD486-D24F-4C8F-A6C0-1883BEE38CED}.Debug|Any CPU.Build.0 = Debug|Any CPU
		{809AD486-D24F-4C8F-A6C0-1883BEE38CED}.Debug|ARM.ActiveCfg = Debug|Any CPU
		{809AD486-D24F-4C8F-A6C0-1883BEE38CED}.Debug|ARM.Build.0 = Debug|Any CPU
		{809AD486-D24F-4C8F-A6C0-1883BEE38CED}.Debug|x64.ActiveCfg = Debug|Any CPU
		{809AD486-D24F-4C8F-A6C0-1883BEE38CED}.Debug|x64.Build.0 = Debug|Any CPU
		{809AD486-D24F-4C8F-A6C0-1883BEE38CED}.Debug|x86.ActiveCfg = Debug|Any CPU
		{809AD486-D24F-4C8F-A6C0-1883BEE38CED}.Debug|x86.Build.0 = Debug|Any CPU
		{809AD486-D24F-4C8F-A6C0-1883BEE38CED}.Release|Any CPU.ActiveCfg = Release|Any CPU
		{809AD486-D24F-4C8F-A6C0-1883BEE38CED}.Release|Any CPU.Build.0 = Release|Any CPU
		{809AD486-D24F-4C8F-A6C0-1883BEE38CED}.Release|ARM.ActiveCfg = Release|Any CPU
		{809AD486-D24F-4C8F-A6C0-1883BEE38CED}.Release|ARM.Build.0 = Release|Any CPU
		{809AD486-D24F-4C8F-A6C0-1883BEE38CED}.Release|x64.ActiveCfg = Release|Any CPU
		{809AD486-D24F-4C8F-A6C0-1883BEE38CED}.Release|x64.Build.0 = Release|Any CPU
		{809AD486-D24F-4C8F-A6C0-1883BEE38CED}.Release|x86.ActiveCfg = Release|Any CPU
		{809AD486-D24F-4C8F-A6C0-1883BEE38CED}.Release|x86.Build.0 = Release|Any CPU
		{CC211F8E-4252-4EC2-8704-D055CBF713A6}.Debug|Any CPU.ActiveCfg = Debug|Any CPU
		{CC211F8E-4252-4EC2-8704-D055CBF713A6}.Debug|Any CPU.Build.0 = Debug|Any CPU
		{CC211F8E-4252-4EC2-8704-D055CBF713A6}.Debug|ARM.ActiveCfg = Debug|Any CPU
		{CC211F8E-4252-4EC2-8704-D055CBF713A6}.Debug|ARM.Build.0 = Debug|Any CPU
		{CC211F8E-4252-4EC2-8704-D055CBF713A6}.Debug|x64.ActiveCfg = Debug|Any CPU
		{CC211F8E-4252-4EC2-8704-D055CBF713A6}.Debug|x64.Build.0 = Debug|Any CPU
		{CC211F8E-4252-4EC2-8704-D055CBF713A6}.Debug|x86.ActiveCfg = Debug|Any CPU
		{CC211F8E-4252-4EC2-8704-D055CBF713A6}.Debug|x86.Build.0 = Debug|Any CPU
		{CC211F8E-4252-4EC2-8704-D055CBF713A6}.Release|Any CPU.ActiveCfg = Release|Any CPU
		{CC211F8E-4252-4EC2-8704-D055CBF713A6}.Release|Any CPU.Build.0 = Release|Any CPU
		{CC211F8E-4252-4EC2-8704-D055CBF713A6}.Release|ARM.ActiveCfg = Release|Any CPU
		{CC211F8E-4252-4EC2-8704-D055CBF713A6}.Release|ARM.Build.0 = Release|Any CPU
		{CC211F8E-4252-4EC2-8704-D055CBF713A6}.Release|x64.ActiveCfg = Release|Any CPU
		{CC211F8E-4252-4EC2-8704-D055CBF713A6}.Release|x64.Build.0 = Release|Any CPU
		{CC211F8E-4252-4EC2-8704-D055CBF713A6}.Release|x86.ActiveCfg = Release|Any CPU
		{CC211F8E-4252-4EC2-8704-D055CBF713A6}.Release|x86.Build.0 = Release|Any CPU
		{13492A28-DD89-41BB-8CED-0F1AAD2853E6}.Debug|Any CPU.ActiveCfg = Debug|Any CPU
		{13492A28-DD89-41BB-8CED-0F1AAD2853E6}.Debug|Any CPU.Build.0 = Debug|Any CPU
		{13492A28-DD89-41BB-8CED-0F1AAD2853E6}.Debug|ARM.ActiveCfg = Debug|Any CPU
		{13492A28-DD89-41BB-8CED-0F1AAD2853E6}.Debug|ARM.Build.0 = Debug|Any CPU
		{13492A28-DD89-41BB-8CED-0F1AAD2853E6}.Debug|x64.ActiveCfg = Debug|Any CPU
		{13492A28-DD89-41BB-8CED-0F1AAD2853E6}.Debug|x64.Build.0 = Debug|Any CPU
		{13492A28-DD89-41BB-8CED-0F1AAD2853E6}.Debug|x86.ActiveCfg = Debug|Any CPU
		{13492A28-DD89-41BB-8CED-0F1AAD2853E6}.Debug|x86.Build.0 = Debug|Any CPU
		{13492A28-DD89-41BB-8CED-0F1AAD2853E6}.Release|Any CPU.ActiveCfg = Release|Any CPU
		{13492A28-DD89-41BB-8CED-0F1AAD2853E6}.Release|Any CPU.Build.0 = Release|Any CPU
		{13492A28-DD89-41BB-8CED-0F1AAD2853E6}.Release|ARM.ActiveCfg = Release|Any CPU
		{13492A28-DD89-41BB-8CED-0F1AAD2853E6}.Release|ARM.Build.0 = Release|Any CPU
		{13492A28-DD89-41BB-8CED-0F1AAD2853E6}.Release|x64.ActiveCfg = Release|Any CPU
		{13492A28-DD89-41BB-8CED-0F1AAD2853E6}.Release|x64.Build.0 = Release|Any CPU
		{13492A28-DD89-41BB-8CED-0F1AAD2853E6}.Release|x86.ActiveCfg = Release|Any CPU
		{13492A28-DD89-41BB-8CED-0F1AAD2853E6}.Release|x86.Build.0 = Release|Any CPU
		{898424D9-87F9-45B4-A7A3-B70FB63E4434}.Debug|Any CPU.ActiveCfg = Debug|Any CPU
		{898424D9-87F9-45B4-A7A3-B70FB63E4434}.Debug|Any CPU.Build.0 = Debug|Any CPU
		{898424D9-87F9-45B4-A7A3-B70FB63E4434}.Debug|ARM.ActiveCfg = Debug|Any CPU
		{898424D9-87F9-45B4-A7A3-B70FB63E4434}.Debug|ARM.Build.0 = Debug|Any CPU
		{898424D9-87F9-45B4-A7A3-B70FB63E4434}.Debug|x64.ActiveCfg = Debug|Any CPU
		{898424D9-87F9-45B4-A7A3-B70FB63E4434}.Debug|x64.Build.0 = Debug|Any CPU
		{898424D9-87F9-45B4-A7A3-B70FB63E4434}.Debug|x86.ActiveCfg = Debug|Any CPU
		{898424D9-87F9-45B4-A7A3-B70FB63E4434}.Debug|x86.Build.0 = Debug|Any CPU
		{898424D9-87F9-45B4-A7A3-B70FB63E4434}.Release|Any CPU.ActiveCfg = Release|Any CPU
		{898424D9-87F9-45B4-A7A3-B70FB63E4434}.Release|Any CPU.Build.0 = Release|Any CPU
		{898424D9-87F9-45B4-A7A3-B70FB63E4434}.Release|ARM.ActiveCfg = Release|Any CPU
		{898424D9-87F9-45B4-A7A3-B70FB63E4434}.Release|ARM.Build.0 = Release|Any CPU
		{898424D9-87F9-45B4-A7A3-B70FB63E4434}.Release|x64.ActiveCfg = Release|Any CPU
		{898424D9-87F9-45B4-A7A3-B70FB63E4434}.Release|x64.Build.0 = Release|Any CPU
		{898424D9-87F9-45B4-A7A3-B70FB63E4434}.Release|x86.ActiveCfg = Release|Any CPU
		{898424D9-87F9-45B4-A7A3-B70FB63E4434}.Release|x86.Build.0 = Release|Any CPU
		{C75DCCC7-DC3F-4E98-8F42-554FAD0097BB}.Debug|Any CPU.ActiveCfg = Debug|Any CPU
		{C75DCCC7-DC3F-4E98-8F42-554FAD0097BB}.Debug|Any CPU.Build.0 = Debug|Any CPU
		{C75DCCC7-DC3F-4E98-8F42-554FAD0097BB}.Debug|ARM.ActiveCfg = Debug|Any CPU
		{C75DCCC7-DC3F-4E98-8F42-554FAD0097BB}.Debug|ARM.Build.0 = Debug|Any CPU
		{C75DCCC7-DC3F-4E98-8F42-554FAD0097BB}.Debug|x64.ActiveCfg = Debug|Any CPU
		{C75DCCC7-DC3F-4E98-8F42-554FAD0097BB}.Debug|x64.Build.0 = Debug|Any CPU
		{C75DCCC7-DC3F-4E98-8F42-554FAD0097BB}.Debug|x86.ActiveCfg = Debug|Any CPU
		{C75DCCC7-DC3F-4E98-8F42-554FAD0097BB}.Debug|x86.Build.0 = Debug|Any CPU
		{C75DCCC7-DC3F-4E98-8F42-554FAD0097BB}.Release|Any CPU.ActiveCfg = Release|Any CPU
		{C75DCCC7-DC3F-4E98-8F42-554FAD0097BB}.Release|Any CPU.Build.0 = Release|Any CPU
		{C75DCCC7-DC3F-4E98-8F42-554FAD0097BB}.Release|ARM.ActiveCfg = Release|Any CPU
		{C75DCCC7-DC3F-4E98-8F42-554FAD0097BB}.Release|ARM.Build.0 = Release|Any CPU
		{C75DCCC7-DC3F-4E98-8F42-554FAD0097BB}.Release|x64.ActiveCfg = Release|Any CPU
		{C75DCCC7-DC3F-4E98-8F42-554FAD0097BB}.Release|x64.Build.0 = Release|Any CPU
		{C75DCCC7-DC3F-4E98-8F42-554FAD0097BB}.Release|x86.ActiveCfg = Release|Any CPU
		{C75DCCC7-DC3F-4E98-8F42-554FAD0097BB}.Release|x86.Build.0 = Release|Any CPU
		{D2FC8AFB-8FCE-41A0-BFFD-B2F9CAD9FFAC}.Debug|Any CPU.ActiveCfg = Debug|Any CPU
		{D2FC8AFB-8FCE-41A0-BFFD-B2F9CAD9FFAC}.Debug|Any CPU.Build.0 = Debug|Any CPU
		{D2FC8AFB-8FCE-41A0-BFFD-B2F9CAD9FFAC}.Debug|ARM.ActiveCfg = Debug|Any CPU
		{D2FC8AFB-8FCE-41A0-BFFD-B2F9CAD9FFAC}.Debug|ARM.Build.0 = Debug|Any CPU
		{D2FC8AFB-8FCE-41A0-BFFD-B2F9CAD9FFAC}.Debug|x64.ActiveCfg = Debug|Any CPU
		{D2FC8AFB-8FCE-41A0-BFFD-B2F9CAD9FFAC}.Debug|x64.Build.0 = Debug|Any CPU
		{D2FC8AFB-8FCE-41A0-BFFD-B2F9CAD9FFAC}.Debug|x86.ActiveCfg = Debug|Any CPU
		{D2FC8AFB-8FCE-41A0-BFFD-B2F9CAD9FFAC}.Debug|x86.Build.0 = Debug|Any CPU
		{D2FC8AFB-8FCE-41A0-BFFD-B2F9CAD9FFAC}.Release|Any CPU.ActiveCfg = Release|Any CPU
		{D2FC8AFB-8FCE-41A0-BFFD-B2F9CAD9FFAC}.Release|Any CPU.Build.0 = Release|Any CPU
		{D2FC8AFB-8FCE-41A0-BFFD-B2F9CAD9FFAC}.Release|ARM.ActiveCfg = Release|Any CPU
		{D2FC8AFB-8FCE-41A0-BFFD-B2F9CAD9FFAC}.Release|ARM.Build.0 = Release|Any CPU
		{D2FC8AFB-8FCE-41A0-BFFD-B2F9CAD9FFAC}.Release|x64.ActiveCfg = Release|Any CPU
		{D2FC8AFB-8FCE-41A0-BFFD-B2F9CAD9FFAC}.Release|x64.Build.0 = Release|Any CPU
		{D2FC8AFB-8FCE-41A0-BFFD-B2F9CAD9FFAC}.Release|x86.ActiveCfg = Release|Any CPU
		{D2FC8AFB-8FCE-41A0-BFFD-B2F9CAD9FFAC}.Release|x86.Build.0 = Release|Any CPU
		{9CBF2403-9794-4F3E-98F4-F0F167A7D8EE}.Debug|Any CPU.ActiveCfg = Debug|Any CPU
		{9CBF2403-9794-4F3E-98F4-F0F167A7D8EE}.Debug|Any CPU.Build.0 = Debug|Any CPU
		{9CBF2403-9794-4F3E-98F4-F0F167A7D8EE}.Debug|ARM.ActiveCfg = Debug|Any CPU
		{9CBF2403-9794-4F3E-98F4-F0F167A7D8EE}.Debug|ARM.Build.0 = Debug|Any CPU
		{9CBF2403-9794-4F3E-98F4-F0F167A7D8EE}.Debug|x64.ActiveCfg = Debug|Any CPU
		{9CBF2403-9794-4F3E-98F4-F0F167A7D8EE}.Debug|x64.Build.0 = Debug|Any CPU
		{9CBF2403-9794-4F3E-98F4-F0F167A7D8EE}.Debug|x86.ActiveCfg = Debug|Any CPU
		{9CBF2403-9794-4F3E-98F4-F0F167A7D8EE}.Debug|x86.Build.0 = Debug|Any CPU
		{9CBF2403-9794-4F3E-98F4-F0F167A7D8EE}.Release|Any CPU.ActiveCfg = Release|Any CPU
		{9CBF2403-9794-4F3E-98F4-F0F167A7D8EE}.Release|Any CPU.Build.0 = Release|Any CPU
		{9CBF2403-9794-4F3E-98F4-F0F167A7D8EE}.Release|ARM.ActiveCfg = Release|Any CPU
		{9CBF2403-9794-4F3E-98F4-F0F167A7D8EE}.Release|ARM.Build.0 = Release|Any CPU
		{9CBF2403-9794-4F3E-98F4-F0F167A7D8EE}.Release|x64.ActiveCfg = Release|Any CPU
		{9CBF2403-9794-4F3E-98F4-F0F167A7D8EE}.Release|x64.Build.0 = Release|Any CPU
		{9CBF2403-9794-4F3E-98F4-F0F167A7D8EE}.Release|x86.ActiveCfg = Release|Any CPU
		{9CBF2403-9794-4F3E-98F4-F0F167A7D8EE}.Release|x86.Build.0 = Release|Any CPU
		{19F097B6-0223-4458-9819-4D861FF79540}.Debug|Any CPU.ActiveCfg = Debug|Any CPU
		{19F097B6-0223-4458-9819-4D861FF79540}.Debug|Any CPU.Build.0 = Debug|Any CPU
		{19F097B6-0223-4458-9819-4D861FF79540}.Debug|ARM.ActiveCfg = Debug|Any CPU
		{19F097B6-0223-4458-9819-4D861FF79540}.Debug|ARM.Build.0 = Debug|Any CPU
		{19F097B6-0223-4458-9819-4D861FF79540}.Debug|x64.ActiveCfg = Debug|Any CPU
		{19F097B6-0223-4458-9819-4D861FF79540}.Debug|x64.Build.0 = Debug|Any CPU
		{19F097B6-0223-4458-9819-4D861FF79540}.Debug|x86.ActiveCfg = Debug|Any CPU
		{19F097B6-0223-4458-9819-4D861FF79540}.Debug|x86.Build.0 = Debug|Any CPU
		{19F097B6-0223-4458-9819-4D861FF79540}.Release|Any CPU.ActiveCfg = Release|Any CPU
		{19F097B6-0223-4458-9819-4D861FF79540}.Release|Any CPU.Build.0 = Release|Any CPU
		{19F097B6-0223-4458-9819-4D861FF79540}.Release|ARM.ActiveCfg = Release|Any CPU
		{19F097B6-0223-4458-9819-4D861FF79540}.Release|ARM.Build.0 = Release|Any CPU
		{19F097B6-0223-4458-9819-4D861FF79540}.Release|x64.ActiveCfg = Release|Any CPU
		{19F097B6-0223-4458-9819-4D861FF79540}.Release|x64.Build.0 = Release|Any CPU
		{19F097B6-0223-4458-9819-4D861FF79540}.Release|x86.ActiveCfg = Release|Any CPU
		{19F097B6-0223-4458-9819-4D861FF79540}.Release|x86.Build.0 = Release|Any CPU
		{8EDF4429-251A-416D-BB68-93F227191BCF}.Debug|Any CPU.ActiveCfg = Debug|Any CPU
		{8EDF4429-251A-416D-BB68-93F227191BCF}.Debug|Any CPU.Build.0 = Debug|Any CPU
		{8EDF4429-251A-416D-BB68-93F227191BCF}.Debug|ARM.ActiveCfg = Debug|Any CPU
		{8EDF4429-251A-416D-BB68-93F227191BCF}.Debug|x64.ActiveCfg = Debug|Any CPU
		{8EDF4429-251A-416D-BB68-93F227191BCF}.Debug|x64.Build.0 = Debug|Any CPU
		{8EDF4429-251A-416D-BB68-93F227191BCF}.Debug|x86.ActiveCfg = Debug|Any CPU
		{8EDF4429-251A-416D-BB68-93F227191BCF}.Debug|x86.Build.0 = Debug|Any CPU
		{8EDF4429-251A-416D-BB68-93F227191BCF}.Release|Any CPU.ActiveCfg = Release|Any CPU
		{8EDF4429-251A-416D-BB68-93F227191BCF}.Release|Any CPU.Build.0 = Release|Any CPU
		{8EDF4429-251A-416D-BB68-93F227191BCF}.Release|ARM.ActiveCfg = Release|Any CPU
		{8EDF4429-251A-416D-BB68-93F227191BCF}.Release|ARM.Build.0 = Release|Any CPU
		{8EDF4429-251A-416D-BB68-93F227191BCF}.Release|x64.ActiveCfg = Release|Any CPU
		{8EDF4429-251A-416D-BB68-93F227191BCF}.Release|x64.Build.0 = Release|Any CPU
		{8EDF4429-251A-416D-BB68-93F227191BCF}.Release|x86.ActiveCfg = Release|Any CPU
		{8EDF4429-251A-416D-BB68-93F227191BCF}.Release|x86.Build.0 = Release|Any CPU
	EndGlobalSection
	GlobalSection(SolutionProperties) = preSolution
		HideSolutionNode = FALSE
	EndGlobalSection
	GlobalSection(NestedProjects) = preSolution
		{51507D0A-FEC1-4FFE-A55C-449C66F64787} = {4EB221CA-BD3A-4DD3-B0E3-74892A5CE432}
		{809AD486-D24F-4C8F-A6C0-1883BEE38CED} = {48800361-7905-46B2-9471-2E76DF4DA90D}
		{CC211F8E-4252-4EC2-8704-D055CBF713A6} = {1D7067BC-958A-48FA-9A8D-54CC8072BB05}
		{13492A28-DD89-41BB-8CED-0F1AAD2853E6} = {E435E1DF-9347-4838-9033-E4285E196280}
		{898424D9-87F9-45B4-A7A3-B70FB63E4434} = {B6054924-33B4-4590-89CC-2BB22713B473}
		{C75DCCC7-DC3F-4E98-8F42-554FAD0097BB} = {73557017-3FFF-4D29-A4E1-6486C9E30F17}
		{D2FC8AFB-8FCE-41A0-BFFD-B2F9CAD9FFAC} = {1D7067BC-958A-48FA-9A8D-54CC8072BB05}
		{48800361-7905-46B2-9471-2E76DF4DA90D} = {73557017-3FFF-4D29-A4E1-6486C9E30F17}
		{1D7067BC-958A-48FA-9A8D-54CC8072BB05} = {48800361-7905-46B2-9471-2E76DF4DA90D}
		{9CBF2403-9794-4F3E-98F4-F0F167A7D8EE} = {E435E1DF-9347-4838-9033-E4285E196280}
		{19F097B6-0223-4458-9819-4D861FF79540} = {1D7067BC-958A-48FA-9A8D-54CC8072BB05}
		{E435E1DF-9347-4838-9033-E4285E196280} = {48800361-7905-46B2-9471-2E76DF4DA90D}
		{9711DD39-756C-4719-AE9E-C8C02D8FAB97} = {1ADB5B5D-E564-4524-8F13-733E88555DBC}
		{8EDF4429-251A-416D-BB68-93F227191BCF} = {9711DD39-756C-4719-AE9E-C8C02D8FAB97}
	EndGlobalSection
	GlobalSection(ExtensibilityGlobals) = postSolution
		SolutionGuid = {B451B4C3-7176-4E34-8BE8-BBD67291F92B}
	EndGlobalSection
EndGlobal
